
Microsoft Visual Studio Solution File, Format Version 12.00
# Visual Studio Version 16
VisualStudioVersion = 16.0.30804.86
MinimumVisualStudioVersion = 10.0.40219.1
Project("{9A19103F-16F7-4668-BE54-9A1E7A4F7556}") = "HealthCare.API", "HealthCare.API\HealthCare.API.csproj", "{ABCE9453-D2B4-4BF6-AB70-28F18059320D}"
EndProject
Project("{9A19103F-16F7-4668-BE54-9A1E7A4F7556}") = "HealthCare.Core", "HealthCare.Core\HealthCare.Core.csproj", "{DDD4A520-C6E3-44BF-9178-DC19FCDE91B5}"
EndProject
Project("{9A19103F-16F7-4668-BE54-9A1E7A4F7556}") = "HealthCare.Infrastructure", "HealthCare.Infrastructure\HealthCare.Infrastructure.csproj", "{6AF676B8-8605-47AC-BD9D-03B7EB7EDCB1}"
EndProject
Project("{FAE04EC0-301F-11D3-BF4B-00C04F79EFBC}") = "HealthCare.Application", "HealthCare.Application\HealthCare.Application.csproj", "{8C49DE4C-E9E8-4159-9D0E-94DFAD6AB11E}"
EndProject
Global
	GlobalSection(SolutionConfigurationPlatforms) = preSolution
		Debug|Any CPU = Debug|Any CPU
		Release|Any CPU = Release|Any CPU
	EndGlobalSection
	GlobalSection(ProjectConfigurationPlatforms) = postSolution
		{ABCE9453-D2B4-4BF6-AB70-28F18059320D}.Debug|Any CPU.ActiveCfg = Debug|Any CPU
		{ABCE9453-D2B4-4BF6-AB70-28F18059320D}.Debug|Any CPU.Build.0 = Debug|Any CPU
		{ABCE9453-D2B4-4BF6-AB70-28F18059320D}.Release|Any CPU.ActiveCfg = Release|Any CPU
		{ABCE9453-D2B4-4BF6-AB70-28F18059320D}.Release|Any CPU.Build.0 = Release|Any CPU
		{DDD4A520-C6E3-44BF-9178-DC19FCDE91B5}.Debug|Any CPU.ActiveCfg = Debug|Any CPU
		{DDD4A520-C6E3-44BF-9178-DC19FCDE91B5}.Debug|Any CPU.Build.0 = Debug|Any CPU
		{DDD4A520-C6E3-44BF-9178-DC19FCDE91B5}.Release|Any CPU.ActiveCfg = Release|Any CPU
		{DDD4A520-C6E3-44BF-9178-DC19FCDE91B5}.Release|Any CPU.Build.0 = Release|Any CPU
		{6AF676B8-8605-47AC-BD9D-03B7EB7EDCB1}.Debug|Any CPU.ActiveCfg = Debug|Any CPU
		{6AF676B8-8605-47AC-BD9D-03B7EB7EDCB1}.Debug|Any CPU.Build.0 = Debug|Any CPU
		{6AF676B8-8605-47AC-BD9D-03B7EB7EDCB1}.Release|Any CPU.ActiveCfg = Release|Any CPU
		{6AF676B8-8605-47AC-BD9D-03B7EB7EDCB1}.Release|Any CPU.Build.0 = Release|Any CPU
		{8C49DE4C-E9E8-4159-9D0E-94DFAD6AB11E}.Debug|Any CPU.ActiveCfg = Debug|Any CPU
		{8C49DE4C-E9E8-4159-9D0E-94DFAD6AB11E}.Debug|Any CPU.Build.0 = Debug|Any CPU
		{8C49DE4C-E9E8-4159-9D0E-94DFAD6AB11E}.Release|Any CPU.ActiveCfg = Release|Any CPU
		{8C49DE4C-E9E8-4159-9D0E-94DFAD6AB11E}.Release|Any CPU.Build.0 = Release|Any CPU
	EndGlobalSection
	GlobalSection(SolutionProperties) = preSolution
		HideSolutionNode = FALSE
	EndGlobalSection
	GlobalSection(ExtensibilityGlobals) = postSolution
		SolutionGuid = {0816BCA7-F9EE-40AA-8686-ADE632E34762}
	EndGlobalSection
EndGlobal
