
Microsoft Visual Studio Solution File, Format Version 12.00
# Visual Studio Version 16
VisualStudioVersion = 16.0.30804.86
MinimumVisualStudioVersion = 10.0.40219.1
Project("{FAE04EC0-301F-11D3-BF4B-00C04F79EFBC}") = "HealthCareAPI", "HealthCareAPI.csproj", "{16DCE934-7ECE-4208-8B69-3137FA024FF6}"
EndProject
Global
	GlobalSection(SolutionConfigurationPlatforms) = preSolution
		Debug|Any CPU = Debug|Any CPU
		Release|Any CPU = Release|Any CPU
	EndGlobalSection
	GlobalSection(ProjectConfigurationPlatforms) = postSolution
		{16DCE934-7ECE-4208-8B69-3137FA024FF6}.Debug|Any CPU.ActiveCfg = Debug|Any CPU
		{16DCE934-7ECE-4208-8B69-3137FA024FF6}.Debug|Any CPU.Build.0 = Debug|Any CPU
		{16DCE934-7ECE-4208-8B69-3137FA024FF6}.Release|Any CPU.ActiveCfg = Release|Any CPU
		{16DCE934-7ECE-4208-8B69-3137FA024FF6}.Release|Any CPU.Build.0 = Release|Any CPU
	EndGlobalSection
	GlobalSection(SolutionProperties) = preSolution
		HideSolutionNode = FALSE
	EndGlobalSection
	GlobalSection(ExtensibilityGlobals) = postSolution
		SolutionGuid = {D9E22050-5C16-42DC-8247-51CEE29F5492}
	EndGlobalSection
EndGlobal
